
Microsoft Visual Studio Solution File, Format Version 12.00
# Visual Studio 15
VisualStudioVersion = 15.0.28307.271
MinimumVisualStudioVersion = 10.0.40219.1
Project("{FAE04EC0-301F-11D3-BF4B-00C04F79EFBC}") = "prov Hugo Wiman TE17B", "prov Hugo Wiman TE17B\prov Hugo Wiman TE17B.csproj", "{4A15BC5F-4464-4B9B-B118-B7151B2229FF}"
EndProject
Global
	GlobalSection(SolutionConfigurationPlatforms) = preSolution
		Debug|Any CPU = Debug|Any CPU
		Release|Any CPU = Release|Any CPU
	EndGlobalSection
	GlobalSection(ProjectConfigurationPlatforms) = postSolution
		{4A15BC5F-4464-4B9B-B118-B7151B2229FF}.Debug|Any CPU.ActiveCfg = Debug|Any CPU
		{4A15BC5F-4464-4B9B-B118-B7151B2229FF}.Debug|Any CPU.Build.0 = Debug|Any CPU
		{4A15BC5F-4464-4B9B-B118-B7151B2229FF}.Release|Any CPU.ActiveCfg = Release|Any CPU
		{4A15BC5F-4464-4B9B-B118-B7151B2229FF}.Release|Any CPU.Build.0 = Release|Any CPU
	EndGlobalSection
	GlobalSection(SolutionProperties) = preSolution
		HideSolutionNode = FALSE
	EndGlobalSection
	GlobalSection(ExtensibilityGlobals) = postSolution
		SolutionGuid = {FC01816B-7256-4C25-9336-67BBB354A123}
	EndGlobalSection
EndGlobal
